
Microsoft Visual Studio Solution File, Format Version 12.00
# Visual Studio Version 17
VisualStudioVersion = 17.13.35825.156 d17.13
MinimumVisualStudioVersion = 10.0.40219.1
Project("{FAE04EC0-301F-11D3-BF4B-00C04F79EFBC}") = "WpfApp1", "WpfApp1\WpfApp1.csproj", "{5CDD9BCC-0869-4B5F-8359-470F475CF7D3}"
EndProject
Global
	GlobalSection(SolutionConfigurationPlatforms) = preSolution
		Debug|Any CPU = Debug|Any CPU
		Release|Any CPU = Release|Any CPU
	EndGlobalSection
	GlobalSection(ProjectConfigurationPlatforms) = postSolution
		{5CDD9BCC-0869-4B5F-8359-470F475CF7D3}.Debug|Any CPU.ActiveCfg = Debug|Any CPU
		{5CDD9BCC-0869-4B5F-8359-470F475CF7D3}.Debug|Any CPU.Build.0 = Debug|Any CPU
		{5CDD9BCC-0869-4B5F-8359-470F475CF7D3}.Release|Any CPU.ActiveCfg = Release|Any CPU
		{5CDD9BCC-0869-4B5F-8359-470F475CF7D3}.Release|Any CPU.Build.0 = Release|Any CPU
	EndGlobalSection
	GlobalSection(SolutionProperties) = preSolution
		HideSolutionNode = FALSE
	EndGlobalSection
	GlobalSection(ExtensibilityGlobals) = postSolution
		SolutionGuid = {8474327E-99D4-4540-BAFB-AC21306E60BE}
	EndGlobalSection
EndGlobal
